
Microsoft Visual Studio Solution File, Format Version 12.00
# Visual Studio 15
VisualStudioVersion = 15.0.28307.572
MinimumVisualStudioVersion = 10.0.40219.1
Project("{FAE04EC0-301F-11D3-BF4B-00C04F79EFBC}") = "WebApplication1", "WebApplication1\WebApplication1.csproj", "{1054A8A3-F1C7-46BA-B44F-F1112C7C42B1}"
EndProject
Global
	GlobalSection(SolutionConfigurationPlatforms) = preSolution
		Debug|Any CPU = Debug|Any CPU
		Release|Any CPU = Release|Any CPU
	EndGlobalSection
	GlobalSection(ProjectConfigurationPlatforms) = postSolution
		{1054A8A3-F1C7-46BA-B44F-F1112C7C42B1}.Debug|Any CPU.ActiveCfg = Debug|Any CPU
		{1054A8A3-F1C7-46BA-B44F-F1112C7C42B1}.Debug|Any CPU.Build.0 = Debug|Any CPU
		{1054A8A3-F1C7-46BA-B44F-F1112C7C42B1}.Release|Any CPU.ActiveCfg = Release|Any CPU
		{1054A8A3-F1C7-46BA-B44F-F1112C7C42B1}.Release|Any CPU.Build.0 = Release|Any CPU
	EndGlobalSection
	GlobalSection(SolutionProperties) = preSolution
		HideSolutionNode = FALSE
	EndGlobalSection
	GlobalSection(ExtensibilityGlobals) = postSolution
		SolutionGuid = {E914BE4A-DDD1-49A3-AD16-0180E9D6EC99}
	EndGlobalSection
EndGlobal
