
Microsoft Visual Studio Solution File, Format Version 12.00
# Visual Studio 15
VisualStudioVersion = 15.0.28307.572
MinimumVisualStudioVersion = 10.0.40219.1
Project("{FAE04EC0-301F-11D3-BF4B-00C04F79EFBC}") = "WebApplication2", "WebApplication2\WebApplication2.csproj", "{F440F6CC-9984-4F6B-B593-F55A65FA5926}"
EndProject
Global
	GlobalSection(SolutionConfigurationPlatforms) = preSolution
		Debug|Any CPU = Debug|Any CPU
		Release|Any CPU = Release|Any CPU
	EndGlobalSection
	GlobalSection(ProjectConfigurationPlatforms) = postSolution
		{F440F6CC-9984-4F6B-B593-F55A65FA5926}.Debug|Any CPU.ActiveCfg = Debug|Any CPU
		{F440F6CC-9984-4F6B-B593-F55A65FA5926}.Debug|Any CPU.Build.0 = Debug|Any CPU
		{F440F6CC-9984-4F6B-B593-F55A65FA5926}.Release|Any CPU.ActiveCfg = Release|Any CPU
		{F440F6CC-9984-4F6B-B593-F55A65FA5926}.Release|Any CPU.Build.0 = Release|Any CPU
	EndGlobalSection
	GlobalSection(SolutionProperties) = preSolution
		HideSolutionNode = FALSE
	EndGlobalSection
	GlobalSection(ExtensibilityGlobals) = postSolution
		SolutionGuid = {B3DC8335-7BD1-4150-93D6-41EC2A4B7FA5}
	EndGlobalSection
EndGlobal
